
Microsoft Visual Studio Solution File, Format Version 12.00
# Visual Studio 15
VisualStudioVersion = 15.0.27703.2035
MinimumVisualStudioVersion = 10.0.40219.1
Project("{FAE04EC0-301F-11D3-BF4B-00C04F79EFBC}") = "XF.Hello.Android", "XF.Hello\XF.Hello.Android\XF.Hello.Android.csproj", "{F44DEEE0-102C-4BC9-A109-4F0F62D61B98}"
EndProject
Project("{FAE04EC0-301F-11D3-BF4B-00C04F79EFBC}") = "XF.Hello.iOS", "XF.Hello\XF.Hello.iOS\XF.Hello.iOS.csproj", "{055D58C4-422C-464E-BFE1-43395F48BFFB}"
EndProject
Project("{FAE04EC0-301F-11D3-BF4B-00C04F79EFBC}") = "XF.Hello", "XF.Hello\XF.Hello\XF.Hello.csproj", "{4416747D-A313-4987-B382-E3E04D2FCCB2}"
EndProject
Global
	GlobalSection(SolutionConfigurationPlatforms) = preSolution
		Ad-Hoc|Any CPU = Ad-Hoc|Any CPU
		Ad-Hoc|iPhone = Ad-Hoc|iPhone
		Ad-Hoc|iPhoneSimulator = Ad-Hoc|iPhoneSimulator
		AppStore|Any CPU = AppStore|Any CPU
		AppStore|iPhone = AppStore|iPhone
		AppStore|iPhoneSimulator = AppStore|iPhoneSimulator
		Debug|Any CPU = Debug|Any CPU
		Debug|iPhone = Debug|iPhone
		Debug|iPhoneSimulator = Debug|iPhoneSimulator
		Release|Any CPU = Release|Any CPU
		Release|iPhone = Release|iPhone
		Release|iPhoneSimulator = Release|iPhoneSimulator
	EndGlobalSection
	GlobalSection(ProjectConfigurationPlatforms) = postSolution
		{F44DEEE0-102C-4BC9-A109-4F0F62D61B98}.Ad-Hoc|Any CPU.ActiveCfg = Release|Any CPU
		{F44DEEE0-102C-4BC9-A109-4F0F62D61B98}.Ad-Hoc|Any CPU.Build.0 = Release|Any CPU
		{F44DEEE0-102C-4BC9-A109-4F0F62D61B98}.Ad-Hoc|Any CPU.Deploy.0 = Release|Any CPU
		{F44DEEE0-102C-4BC9-A109-4F0F62D61B98}.Ad-Hoc|iPhone.ActiveCfg = Release|Any CPU
		{F44DEEE0-102C-4BC9-A109-4F0F62D61B98}.Ad-Hoc|iPhone.Build.0 = Release|Any CPU
		{F44DEEE0-102C-4BC9-A109-4F0F62D61B98}.Ad-Hoc|iPhone.Deploy.0 = Release|Any CPU
		{F44DEEE0-102C-4BC9-A109-4F0F62D61B98}.Ad-Hoc|iPhoneSimulator.ActiveCfg = Release|Any CPU
		{F44DEEE0-102C-4BC9-A109-4F0F62D61B98}.Ad-Hoc|iPhoneSimulator.Build.0 = Release|Any CPU
		{F44DEEE0-102C-4BC9-A109-4F0F62D61B98}.Ad-Hoc|iPhoneSimulator.Deploy.0 = Release|Any CPU
		{F44DEEE0-102C-4BC9-A109-4F0F62D61B98}.AppStore|Any CPU.ActiveCfg = Release|Any CPU
		{F44DEEE0-102C-4BC9-A109-4F0F62D61B98}.AppStore|Any CPU.Build.0 = Release|Any CPU
		{F44DEEE0-102C-4BC9-A109-4F0F62D61B98}.AppStore|Any CPU.Deploy.0 = Release|Any CPU
		{F44DEEE0-102C-4BC9-A109-4F0F62D61B98}.AppStore|iPhone.ActiveCfg = Release|Any CPU
		{F44DEEE0-102C-4BC9-A109-4F0F62D61B98}.AppStore|iPhone.Build.0 = Release|Any CPU
		{F44DEEE0-102C-4BC9-A109-4F0F62D61B98}.AppStore|iPhone.Deploy.0 = Release|Any CPU
		{F44DEEE0-102C-4BC9-A109-4F0F62D61B98}.AppStore|iPhoneSimulator.ActiveCfg = Release|Any CPU
		{F44DEEE0-102C-4BC9-A109-4F0F62D61B98}.AppStore|iPhoneSimulator.Build.0 = Release|Any CPU
		{F44DEEE0-102C-4BC9-A109-4F0F62D61B98}.AppStore|iPhoneSimulator.Deploy.0 = Release|Any CPU
		{F44DEEE0-102C-4BC9-A109-4F0F62D61B98}.Debug|Any CPU.ActiveCfg = Debug|Any CPU
		{F44DEEE0-102C-4BC9-A109-4F0F62D61B98}.Debug|Any CPU.Build.0 = Debug|Any CPU
		{F44DEEE0-102C-4BC9-A109-4F0F62D61B98}.Debug|Any CPU.Deploy.0 = Debug|Any CPU
		{F44DEEE0-102C-4BC9-A109-4F0F62D61B98}.Debug|iPhone.ActiveCfg = Debug|Any CPU
		{F44DEEE0-102C-4BC9-A109-4F0F62D61B98}.Debug|iPhone.Build.0 = Debug|Any CPU
		{F44DEEE0-102C-4BC9-A109-4F0F62D61B98}.Debug|iPhone.Deploy.0 = Debug|Any CPU
		{F44DEEE0-102C-4BC9-A109-4F0F62D61B98}.Debug|iPhoneSimulator.ActiveCfg = Debug|Any CPU
		{F44DEEE0-102C-4BC9-A109-4F0F62D61B98}.Debug|iPhoneSimulator.Build.0 = Debug|Any CPU
		{F44DEEE0-102C-4BC9-A109-4F0F62D61B98}.Debug|iPhoneSimulator.Deploy.0 = Debug|Any CPU
		{F44DEEE0-102C-4BC9-A109-4F0F62D61B98}.Release|Any CPU.ActiveCfg = Release|Any CPU
		{F44DEEE0-102C-4BC9-A109-4F0F62D61B98}.Release|Any CPU.Build.0 = Release|Any CPU
		{F44DEEE0-102C-4BC9-A109-4F0F62D61B98}.Release|Any CPU.Deploy.0 = Release|Any CPU
		{F44DEEE0-102C-4BC9-A109-4F0F62D61B98}.Release|iPhone.ActiveCfg = Release|Any CPU
		{F44DEEE0-102C-4BC9-A109-4F0F62D61B98}.Release|iPhone.Build.0 = Release|Any CPU
		{F44DEEE0-102C-4BC9-A109-4F0F62D61B98}.Release|iPhone.Deploy.0 = Release|Any CPU
		{F44DEEE0-102C-4BC9-A109-4F0F62D61B98}.Release|iPhoneSimulator.ActiveCfg = Release|Any CPU
		{F44DEEE0-102C-4BC9-A109-4F0F62D61B98}.Release|iPhoneSimulator.Build.0 = Release|Any CPU
		{F44DEEE0-102C-4BC9-A109-4F0F62D61B98}.Release|iPhoneSimulator.Deploy.0 = Release|Any CPU
		{055D58C4-422C-464E-BFE1-43395F48BFFB}.Ad-Hoc|Any CPU.ActiveCfg = Ad-Hoc|iPhone
		{055D58C4-422C-464E-BFE1-43395F48BFFB}.Ad-Hoc|Any CPU.Build.0 = Ad-Hoc|iPhone
		{055D58C4-422C-464E-BFE1-43395F48BFFB}.Ad-Hoc|Any CPU.Deploy.0 = Ad-Hoc|iPhone
		{055D58C4-422C-464E-BFE1-43395F48BFFB}.Ad-Hoc|iPhone.ActiveCfg = Ad-Hoc|iPhone
		{055D58C4-422C-464E-BFE1-43395F48BFFB}.Ad-Hoc|iPhone.Build.0 = Ad-Hoc|iPhone
		{055D58C4-422C-464E-BFE1-43395F48BFFB}.Ad-Hoc|iPhone.Deploy.0 = Ad-Hoc|iPhone
		{055D58C4-422C-464E-BFE1-43395F48BFFB}.Ad-Hoc|iPhoneSimulator.ActiveCfg = Ad-Hoc|iPhoneSimulator
		{055D58C4-422C-464E-BFE1-43395F48BFFB}.Ad-Hoc|iPhoneSimulator.Build.0 = Ad-Hoc|iPhoneSimulator
		{055D58C4-422C-464E-BFE1-43395F48BFFB}.Ad-Hoc|iPhoneSimulator.Deploy.0 = Ad-Hoc|iPhoneSimulator
		{055D58C4-422C-464E-BFE1-43395F48BFFB}.AppStore|Any CPU.ActiveCfg = AppStore|iPhone
		{055D58C4-422C-464E-BFE1-43395F48BFFB}.AppStore|Any CPU.Build.0 = AppStore|iPhone
		{055D58C4-422C-464E-BFE1-43395F48BFFB}.AppStore|Any CPU.Deploy.0 = AppStore|iPhone
		{055D58C4-422C-464E-BFE1-43395F48BFFB}.AppStore|iPhone.ActiveCfg = AppStore|iPhone
		{055D58C4-422C-464E-BFE1-43395F48BFFB}.AppStore|iPhone.Build.0 = AppStore|iPhone
		{055D58C4-422C-464E-BFE1-43395F48BFFB}.AppStore|iPhone.Deploy.0 = AppStore|iPhone
		{055D58C4-422C-464E-BFE1-43395F48BFFB}.AppStore|iPhoneSimulator.ActiveCfg = AppStore|iPhoneSimulator
		{055D58C4-422C-464E-BFE1-43395F48BFFB}.AppStore|iPhoneSimulator.Build.0 = AppStore|iPhoneSimulator
		{055D58C4-422C-464E-BFE1-43395F48BFFB}.AppStore|iPhoneSimulator.Deploy.0 = AppStore|iPhoneSimulator
		{055D58C4-422C-464E-BFE1-43395F48BFFB}.Debug|Any CPU.ActiveCfg = Debug|iPhoneSimulator
		{055D58C4-422C-464E-BFE1-43395F48BFFB}.Debug|Any CPU.Build.0 = Debug|iPhoneSimulator
		{055D58C4-422C-464E-BFE1-43395F48BFFB}.Debug|Any CPU.Deploy.0 = Debug|iPhoneSimulator
		{055D58C4-422C-464E-BFE1-43395F48BFFB}.Debug|iPhone.ActiveCfg = Debug|iPhone
		{055D58C4-422C-464E-BFE1-43395F48BFFB}.Debug|iPhone.Build.0 = Debug|iPhone
		{055D58C4-422C-464E-BFE1-43395F48BFFB}.Debug|iPhone.Deploy.0 = Debug|iPhone
		{055D58C4-422C-464E-BFE1-43395F48BFFB}.Debug|iPhoneSimulator.ActiveCfg = Debug|iPhoneSimulator
		{055D58C4-422C-464E-BFE1-43395F48BFFB}.Debug|iPhoneSimulator.Build.0 = Debug|iPhoneSimulator
		{055D58C4-422C-464E-BFE1-43395F48BFFB}.Debug|iPhoneSimulator.Deploy.0 = Debug|iPhoneSimulator
		{055D58C4-422C-464E-BFE1-43395F48BFFB}.Release|Any CPU.ActiveCfg = Release|iPhone
		{055D58C4-422C-464E-BFE1-43395F48BFFB}.Release|Any CPU.Build.0 = Release|iPhone
		{055D58C4-422C-464E-BFE1-43395F48BFFB}.Release|Any CPU.Deploy.0 = Release|iPhone
		{055D58C4-422C-464E-BFE1-43395F48BFFB}.Release|iPhone.ActiveCfg = Release|iPhone
		{055D58C4-422C-464E-BFE1-43395F48BFFB}.Release|iPhone.Build.0 = Release|iPhone
		{055D58C4-422C-464E-BFE1-43395F48BFFB}.Release|iPhone.Deploy.0 = Release|iPhone
		{055D58C4-422C-464E-BFE1-43395F48BFFB}.Release|iPhoneSimulator.ActiveCfg = Release|iPhoneSimulator
		{055D58C4-422C-464E-BFE1-43395F48BFFB}.Release|iPhoneSimulator.Build.0 = Release|iPhoneSimulator
		{055D58C4-422C-464E-BFE1-43395F48BFFB}.Release|iPhoneSimulator.Deploy.0 = Release|iPhoneSimulator
		{4416747D-A313-4987-B382-E3E04D2FCCB2}.Ad-Hoc|Any CPU.ActiveCfg = Debug|Any CPU
		{4416747D-A313-4987-B382-E3E04D2FCCB2}.Ad-Hoc|Any CPU.Build.0 = Debug|Any CPU
		{4416747D-A313-4987-B382-E3E04D2FCCB2}.Ad-Hoc|Any CPU.Deploy.0 = Debug|Any CPU
		{4416747D-A313-4987-B382-E3E04D2FCCB2}.Ad-Hoc|iPhone.ActiveCfg = Debug|Any CPU
		{4416747D-A313-4987-B382-E3E04D2FCCB2}.Ad-Hoc|iPhone.Build.0 = Debug|Any CPU
		{4416747D-A313-4987-B382-E3E04D2FCCB2}.Ad-Hoc|iPhone.Deploy.0 = Debug|Any CPU
		{4416747D-A313-4987-B382-E3E04D2FCCB2}.Ad-Hoc|iPhoneSimulator.ActiveCfg = Debug|Any CPU
		{4416747D-A313-4987-B382-E3E04D2FCCB2}.Ad-Hoc|iPhoneSimulator.Build.0 = Debug|Any CPU
		{4416747D-A313-4987-B382-E3E04D2FCCB2}.Ad-Hoc|iPhoneSimulator.Deploy.0 = Debug|Any CPU
		{4416747D-A313-4987-B382-E3E04D2FCCB2}.AppStore|Any CPU.ActiveCfg = Debug|Any CPU
		{4416747D-A313-4987-B382-E3E04D2FCCB2}.AppStore|Any CPU.Build.0 = Debug|Any CPU
		{4416747D-A313-4987-B382-E3E04D2FCCB2}.AppStore|Any CPU.Deploy.0 = Debug|Any CPU
		{4416747D-A313-4987-B382-E3E04D2FCCB2}.AppStore|iPhone.ActiveCfg = Debug|Any CPU
		{4416747D-A313-4987-B382-E3E04D2FCCB2}.AppStore|iPhone.Build.0 = Debug|Any CPU
		{4416747D-A313-4987-B382-E3E04D2FCCB2}.AppStore|iPhone.Deploy.0 = Debug|Any CPU
		{4416747D-A313-4987-B382-E3E04D2FCCB2}.AppStore|iPhoneSimulator.ActiveCfg = Debug|Any CPU
		{4416747D-A313-4987-B382-E3E04D2FCCB2}.AppStore|iPhoneSimulator.Build.0 = Debug|Any CPU
		{4416747D-A313-4987-B382-E3E04D2FCCB2}.AppStore|iPhoneSimulator.Deploy.0 = Debug|Any CPU
		{4416747D-A313-4987-B382-E3E04D2FCCB2}.Debug|Any CPU.ActiveCfg = Debug|Any CPU
		{4416747D-A313-4987-B382-E3E04D2FCCB2}.Debug|Any CPU.Build.0 = Debug|Any CPU
		{4416747D-A313-4987-B382-E3E04D2FCCB2}.Debug|Any CPU.Deploy.0 = Debug|Any CPU
		{4416747D-A313-4987-B382-E3E04D2FCCB2}.Debug|iPhone.ActiveCfg = Debug|Any CPU
		{4416747D-A313-4987-B382-E3E04D2FCCB2}.Debug|iPhone.Build.0 = Debug|Any CPU
		{4416747D-A313-4987-B382-E3E04D2FCCB2}.Debug|iPhone.Deploy.0 = Debug|Any CPU
		{4416747D-A313-4987-B382-E3E04D2FCCB2}.Debug|iPhoneSimulator.ActiveCfg = Debug|Any CPU
		{4416747D-A313-4987-B382-E3E04D2FCCB2}.Debug|iPhoneSimulator.Build.0 = Debug|Any CPU
		{4416747D-A313-4987-B382-E3E04D2FCCB2}.Debug|iPhoneSimulator.Deploy.0 = Debug|Any CPU
		{4416747D-A313-4987-B382-E3E04D2FCCB2}.Release|Any CPU.ActiveCfg = Release|Any CPU
		{4416747D-A313-4987-B382-E3E04D2FCCB2}.Release|Any CPU.Build.0 = Release|Any CPU
		{4416747D-A313-4987-B382-E3E04D2FCCB2}.Release|Any CPU.Deploy.0 = Release|Any CPU
		{4416747D-A313-4987-B382-E3E04D2FCCB2}.Release|iPhone.ActiveCfg = Release|Any CPU
		{4416747D-A313-4987-B382-E3E04D2FCCB2}.Release|iPhone.Build.0 = Release|Any CPU
		{4416747D-A313-4987-B382-E3E04D2FCCB2}.Release|iPhone.Deploy.0 = Release|Any CPU
		{4416747D-A313-4987-B382-E3E04D2FCCB2}.Release|iPhoneSimulator.ActiveCfg = Release|Any CPU
		{4416747D-A313-4987-B382-E3E04D2FCCB2}.Release|iPhoneSimulator.Build.0 = Release|Any CPU
		{4416747D-A313-4987-B382-E3E04D2FCCB2}.Release|iPhoneSimulator.Deploy.0 = Release|Any CPU
	EndGlobalSection
	GlobalSection(SolutionProperties) = preSolution
		HideSolutionNode = FALSE
	EndGlobalSection
	GlobalSection(ExtensibilityGlobals) = postSolution
		SolutionGuid = {5BE5F436-1950-4C25-979B-EAF330DFB41D}
	EndGlobalSection
EndGlobal
